{
  "version": 4,
  "terraform_version": "1.13.3",
  "serial": 50,
  "lineage": "0007a381-32e4-26c9-c6ab-b4ad64c433fb",
  "outputs": {
    "cdn_endpoint": {
      "value": "cis-lab-nhom15-a.sgp1.cdn.digitaloceanspaces.com",
      "type": "string"
    },
    "droplet_ip": {
      "value": "139.59.235.126",
      "type": "string"
    },
    "spaces_endpoint": {
      "value": "cis-lab-nhom15-a.sgp1.digitaloceanspaces.com",
      "type": "string"
    }
  },
  "resources": [
    {
      "mode": "managed",
      "type": "digitalocean_cdn",
      "name": "spaces",
      "provider": "provider[\"registry.terraform.io/digitalocean/digitalocean\"]",
      "instances": [
        {
          "schema_version": 1,
          "attributes": {
            "certificate_id": null,
            "certificate_name": null,
            "created_at": "2025-12-05 00:54:49 +0000 UTC",
            "custom_domain": "",
            "endpoint": "cis-lab-nhom15-a.sgp1.cdn.digitaloceanspaces.com",
            "id": "375811d7-b80e-4f4f-809b-510f8dd95fb5",
            "origin": "cis-lab-nhom15-a.sgp1.digitaloceanspaces.com",
            "ttl": 3600
          },
          "sensitive_attributes": [],
          "identity_schema_version": 0,
          "private": "eyJzY2hlbWFfdmVyc2lvbiI6IjEifQ==",
          "dependencies": [
            "digitalocean_spaces_bucket.app"
          ]
        }
      ]
    },
    {
      "mode": "managed",
      "type": "digitalocean_droplet",
      "name": "vm",
      "provider": "provider[\"registry.terraform.io/digitalocean/digitalocean\"]",
      "instances": [
        {
          "schema_version": 1,
          "attributes": {
            "backup_policy": [],
            "backups": false,
            "created_at": "2025-12-05T00:52:07Z",
            "disk": 25,
            "droplet_agent": null,
            "graceful_shutdown": false,
            "id": "534628422",
            "image": "ubuntu-22-04-x64",
            "ipv4_address": "139.59.235.126",
            "ipv4_address_private": "10.10.0.2",
            "ipv6": false,
            "ipv6_address": "",
            "locked": false,
            "memory": 1024,
            "monitoring": true,
            "name": "dev-vm",
            "price_hourly": 0.00893,
            "price_monthly": 6,
            "private_networking": true,
            "region": "sgp1",
            "resize_disk": true,
            "size": "s-1vcpu-1gb",
            "ssh_keys": [
              "52291540"
            ],
            "status": "active",
            "tags": [
              "env:dev",
              "owner:team-ops",
              "role:web"
            ],
            "timeouts": null,
            "urn": "do:droplet:534628422",
            "user_data": "239aaceeb3f0b7563f895d8180aabfc7b8086614",
            "vcpus": 1,
            "volume_ids": [
              "9f3fadc1-d174-11f0-ade1-0a58ac12c440"
            ],
            "vpc_uuid": "19eeb45b-b740-461f-8e68-65e0ea1d0cf4"
          },
          "sensitive_attributes": [],
          "identity_schema_version": 0,
          "private": "eyJlMmJmYjczMC1lY2FhLTExZTYtOGY4OC0zNDM2M2JjN2M0YzAiOnsiY3JlYXRlIjozNjAwMDAwMDAwMDAwLCJkZWxldGUiOjYwMDAwMDAwMDAwLCJ1cGRhdGUiOjM2MDAwMDAwMDAwMDB9LCJzY2hlbWFfdmVyc2lvbiI6IjEifQ==",
          "dependencies": [
            "digitalocean_vpc.main"
          ]
        }
      ]
    },
    {
      "mode": "managed",
      "type": "digitalocean_firewall",
      "name": "cloud",
      "provider": "provider[\"registry.terraform.io/digitalocean/digitalocean\"]",
      "instances": [
        {
          "schema_version": 0,
          "attributes": {
            "created_at": "2025-12-05T00:54:06Z",
            "droplet_ids": [
              534628422
            ],
            "id": "01e7f77f-f33e-4c44-857a-3295830ce1ea",
            "inbound_rule": [
              {
                "port_range": "22",
                "protocol": "tcp",
                "source_addresses": [
                  "115.78.13.71/32"
                ],
                "source_droplet_ids": [],
                "source_kubernetes_ids": [],
                "source_load_balancer_uids": [],
                "source_tags": []
              },
              {
                "port_range": "443",
                "protocol": "tcp",
                "source_addresses": [
                  "0.0.0.0/0",
                  "::/0"
                ],
                "source_droplet_ids": [],
                "source_kubernetes_ids": [],
                "source_load_balancer_uids": [],
                "source_tags": []
              },
              {
                "port_range": "80",
                "protocol": "tcp",
                "source_addresses": [
                  "0.0.0.0/0",
                  "::/0"
                ],
                "source_droplet_ids": [],
                "source_kubernetes_ids": [],
                "source_load_balancer_uids": [],
                "source_tags": []
              }
            ],
            "name": "dev-cloud-firewall",
            "outbound_rule": [
              {
                "destination_addresses": [
                  "0.0.0.0/0",
                  "::/0"
                ],
                "destination_droplet_ids": [],
                "destination_kubernetes_ids": [],
                "destination_load_balancer_uids": [],
                "destination_tags": [],
                "port_range": "1-65535",
                "protocol": "tcp"
              }
            ],
            "pending_changes": [],
            "status": "succeeded",
            "tags": [
              "env:dev",
              "owner:team-ops",
              "role:web"
            ]
          },
          "sensitive_attributes": [],
          "identity_schema_version": 0,
          "private": "bnVsbA==",
          "dependencies": [
            "digitalocean_droplet.vm",
            "digitalocean_vpc.main"
          ]
        }
      ]
    },
    {
      "mode": "managed",
      "type": "digitalocean_monitor_alert",
      "name": "cpu_high",
      "provider": "provider[\"registry.terraform.io/digitalocean/digitalocean\"]",
      "instances": [
        {
          "schema_version": 0,
          "attributes": {
            "alerts": [
              {
                "email": [
                  "hothanhloc12345@gmail.com"
                ],
                "slack": [
                  {
                    "channel": "alert-digital-ocean",
                    "url": "https://hooks.slack.com/services/T000/B000/XXXX"
                  }
                ]
              }
            ],
            "compare": "GreaterThan",
            "description": "CPU usage \u003e 80% (dev)",
            "enabled": true,
            "entities": [
              "534628422"
            ],
            "id": "f3e8000c-7e2d-4542-81af-15ab78edf740",
            "tags": [
              "env:dev",
              "owner:team-ops",
              "role:web"
            ],
            "type": "v1/insights/droplet/cpu",
            "uuid": null,
            "value": 80,
            "window": "5m"
          },
          "sensitive_attributes": [],
          "identity_schema_version": 0,
          "private": "bnVsbA==",
          "dependencies": [
            "digitalocean_droplet.vm",
            "digitalocean_vpc.main"
          ]
        }
      ]
    },
    {
      "mode": "managed",
      "type": "digitalocean_spaces_bucket",
      "name": "app",
      "provider": "provider[\"registry.terraform.io/digitalocean/digitalocean\"]",
      "instances": [
        {
          "schema_version": 0,
          "attributes": {
            "acl": "private",
            "bucket_domain_name": "cis-lab-nhom15-a.sgp1.digitaloceanspaces.com",
            "cors_rule": [
              {
                "allowed_headers": [],
                "allowed_methods": [
                  "GET"
                ],
                "allowed_origins": [
                  "*"
                ],
                "max_age_seconds": 3000
              }
            ],
            "endpoint": "sgp1.digitaloceanspaces.com",
            "force_destroy": false,
            "id": "cis-lab-nhom15-a",
            "lifecycle_rule": [
              {
                "abort_incomplete_multipart_upload_days": 0,
                "enabled": true,
                "expiration": [
                  {
                    "date": "",
                    "days": 30,
                    "expired_object_delete_marker": false
                  }
                ],
                "id": "retention",
                "noncurrent_version_expiration": [],
                "prefix": ""
              }
            ],
            "name": "cis-lab-nhom15-a",
            "region": "sgp1",
            "urn": "do:space:cis-lab-nhom15-a",
            "versioning": [
              {
                "enabled": false
              }
            ]
          },
          "sensitive_attributes": [],
          "identity_schema_version": 0,
          "private": "bnVsbA=="
        }
      ]
    },
    {
      "mode": "managed",
      "type": "digitalocean_volume",
      "name": "data",
      "provider": "provider[\"registry.terraform.io/digitalocean/digitalocean\"]",
      "instances": [
        {
          "schema_version": 0,
          "attributes": {
            "description": null,
            "droplet_ids": [
              534628422
            ],
            "filesystem_label": null,
            "filesystem_type": "unknown",
            "id": "9f3fadc1-d174-11f0-ade1-0a58ac12c440",
            "initial_filesystem_label": null,
            "initial_filesystem_type": null,
            "name": "dev-data",
            "region": "sgp1",
            "size": 50,
            "snapshot_id": null,
            "tags": [
              "env:dev",
              "owner:team-ops",
              "role:web"
            ],
            "urn": "do:volume:9f3fadc1-d174-11f0-ade1-0a58ac12c440"
          },
          "sensitive_attributes": [],
          "identity_schema_version": 0,
          "private": "bnVsbA=="
        }
      ]
    },
    {
      "mode": "managed",
      "type": "digitalocean_volume_attachment",
      "name": "data_attach",
      "provider": "provider[\"registry.terraform.io/digitalocean/digitalocean\"]",
      "instances": [
        {
          "schema_version": 0,
          "attributes": {
            "droplet_id": 534628422,
            "id": "534628422-9f3fadc1-d174-11f0-ade1-0a58ac12c440-20251205005255524600000001",
            "volume_id": "9f3fadc1-d174-11f0-ade1-0a58ac12c440"
          },
          "sensitive_attributes": [],
          "identity_schema_version": 0,
          "private": "bnVsbA==",
          "dependencies": [
            "digitalocean_droplet.vm",
            "digitalocean_volume.data",
            "digitalocean_vpc.main"
          ]
        }
      ]
    },
    {
      "mode": "managed",
      "type": "digitalocean_vpc",
      "name": "main",
      "provider": "provider[\"registry.terraform.io/digitalocean/digitalocean\"]",
      "instances": [
        {
          "schema_version": 0,
          "attributes": {
            "created_at": "2025-12-05 00:52:06 +0000 UTC",
            "default": false,
            "description": "",
            "id": "19eeb45b-b740-461f-8e68-65e0ea1d0cf4",
            "ip_range": "10.10.0.0/16",
            "name": "dev-vpc",
            "region": "sgp1",
            "timeouts": null,
            "urn": "do:vpc:19eeb45b-b740-461f-8e68-65e0ea1d0cf4"
          },
          "sensitive_attributes": [],
          "identity_schema_version": 0,
          "private": "eyJlMmJmYjczMC1lY2FhLTExZTYtOGY4OC0zNDM2M2JjN2M0YzAiOnsiZGVsZXRlIjoxMjAwMDAwMDAwMDB9fQ=="
        }
      ]
    }
  ],
  "check_results": null
}
